
Microsoft Visual Studio Solution File, Format Version 12.00
# Visual Studio Version 16
VisualStudioVersion = 16.0.30011.22
MinimumVisualStudioVersion = 10.0.40219.1
Project("{FAE04EC0-301F-11D3-BF4B-00C04F79EFBC}") = "CursoNetCore", "CursoNetCore.csproj", "{35B21C60-E0D6-4DC6-BFFF-721A980793F0}"
EndProject
Global
	GlobalSection(SolutionConfigurationPlatforms) = preSolution
		Debug|Any CPU = Debug|Any CPU
		Release|Any CPU = Release|Any CPU
	EndGlobalSection
	GlobalSection(ProjectConfigurationPlatforms) = postSolution
		{35B21C60-E0D6-4DC6-BFFF-721A980793F0}.Debug|Any CPU.ActiveCfg = Debug|Any CPU
		{35B21C60-E0D6-4DC6-BFFF-721A980793F0}.Debug|Any CPU.Build.0 = Debug|Any CPU
		{35B21C60-E0D6-4DC6-BFFF-721A980793F0}.Release|Any CPU.ActiveCfg = Release|Any CPU
		{35B21C60-E0D6-4DC6-BFFF-721A980793F0}.Release|Any CPU.Build.0 = Release|Any CPU
	EndGlobalSection
	GlobalSection(SolutionProperties) = preSolution
		HideSolutionNode = FALSE
	EndGlobalSection
	GlobalSection(ExtensibilityGlobals) = postSolution
		SolutionGuid = {98F39B1F-661F-4EB1-8391-4E742CF894B4}
	EndGlobalSection
EndGlobal
