
Microsoft Visual Studio Solution File, Format Version 12.00
# Visual Studio Version 16
VisualStudioVersion = 16.0.30002.166
MinimumVisualStudioVersion = 10.0.40219.1
Project("{FAE04EC0-301F-11D3-BF4B-00C04F79EFBC}") = "Curso.net", "Curso.net\Curso.net.csproj", "{DC8E9109-F2E8-40A9-A1D4-4AD0CFEE8D41}"
EndProject
Global
	GlobalSection(SolutionConfigurationPlatforms) = preSolution
		Debug|Any CPU = Debug|Any CPU
		Release|Any CPU = Release|Any CPU
	EndGlobalSection
	GlobalSection(ProjectConfigurationPlatforms) = postSolution
		{DC8E9109-F2E8-40A9-A1D4-4AD0CFEE8D41}.Debug|Any CPU.ActiveCfg = Debug|Any CPU
		{DC8E9109-F2E8-40A9-A1D4-4AD0CFEE8D41}.Debug|Any CPU.Build.0 = Debug|Any CPU
		{DC8E9109-F2E8-40A9-A1D4-4AD0CFEE8D41}.Release|Any CPU.ActiveCfg = Release|Any CPU
		{DC8E9109-F2E8-40A9-A1D4-4AD0CFEE8D41}.Release|Any CPU.Build.0 = Release|Any CPU
	EndGlobalSection
	GlobalSection(SolutionProperties) = preSolution
		HideSolutionNode = FALSE
	EndGlobalSection
	GlobalSection(ExtensibilityGlobals) = postSolution
		SolutionGuid = {2F6C2038-C3D0-4360-8C68-E0C4FE794099}
	EndGlobalSection
EndGlobal
